
Microsoft Visual Studio Solution File, Format Version 12.00
# Visual Studio 2012
Project("{FAE04EC0-301F-11D3-BF4B-00C04F79EFBC}") = "DynamoRevit", "..\DynamoRevit\DynamoRevit.csproj", "{FD56AE51-739E-4893-8DE4-925D60C7097C}"
EndProject
Project("{2150E333-8FDC-42A3-9474-1A3956D46DE8}") = "Libraries", "Libraries", "{5086E7C5-90A9-4314-B0CD-0442180D8EBF}"
EndProject
Project("{FAE04EC0-301F-11D3-BF4B-00C04F79EFBC}") = "RevitServices", "..\Libraries\Revit\RevitServices\RevitServices.csproj", "{E4701F9E-41AB-4044-8166-85D924FEB632}"
EndProject
Project("{FAE04EC0-301F-11D3-BF4B-00C04F79EFBC}") = "RevitNodesUI", "..\Libraries\Revit\RevitNodesUI\RevitNodesUI.csproj", "{75940ACC-3708-4526-8D91-7E3365BAF682}"
EndProject
Project("{FAE04EC0-301F-11D3-BF4B-00C04F79EFBC}") = "RevitNodes", "..\Libraries\Revit\RevitNodes\RevitNodes.csproj", "{0BC2A611-BD0E-4FCC-A1DE-81F14ED369B2}"
EndProject
Project("{2150E333-8FDC-42A3-9474-1A3956D46DE8}") = "Tests", "Tests", "{7B0EE122-AFFD-4A1F-96DD-96B30E04937C}"
EndProject
Project("{FAE04EC0-301F-11D3-BF4B-00C04F79EFBC}") = "RevitNodesTests", "..\..\test\Libraries\Revit\RevitNodesTests\RevitNodesTests.csproj", "{9E79DC8D-25B1-491F-B094-EA39DE1BBC66}"
EndProject
Project("{FAE04EC0-301F-11D3-BF4B-00C04F79EFBC}") = "RevitServicesTests", "..\..\test\Libraries\Revit\RevitServicesTests\RevitServicesTests.csproj", "{AD0499ED-50D3-46F4-9FC9-3F71D88C4870}"
EndProject
Project("{FAE04EC0-301F-11D3-BF4B-00C04F79EFBC}") = "DynamoRevitVersionSelector", "..\DynamoRevitVersionSelector\DynamoRevitVersionSelector.csproj", "{53D05530-CF64-4883-8F86-B2B819934F83}"
EndProject
Project("{FAE04EC0-301F-11D3-BF4B-00C04F79EFBC}") = "DynamoRevitTests", "..\..\test\Libraries\Revit\DynamoRevitTests\DynamoRevitTests.csproj", "{9ADADC68-36A3-4A21-9B54-298154A88720}"
EndProject
Global
	GlobalSection(SolutionConfigurationPlatforms) = preSolution
		Debug|Any CPU = Debug|Any CPU
		Release|Any CPU = Release|Any CPU
	EndGlobalSection
	GlobalSection(ProjectConfigurationPlatforms) = postSolution
		{FD56AE51-739E-4893-8DE4-925D60C7097C}.Debug|Any CPU.ActiveCfg = Debug|Any CPU
		{FD56AE51-739E-4893-8DE4-925D60C7097C}.Debug|Any CPU.Build.0 = Debug|Any CPU
		{FD56AE51-739E-4893-8DE4-925D60C7097C}.Release|Any CPU.ActiveCfg = Release|Any CPU
		{FD56AE51-739E-4893-8DE4-925D60C7097C}.Release|Any CPU.Build.0 = Release|Any CPU
		{E4701F9E-41AB-4044-8166-85D924FEB632}.Debug|Any CPU.ActiveCfg = Debug|Any CPU
		{E4701F9E-41AB-4044-8166-85D924FEB632}.Debug|Any CPU.Build.0 = Debug|Any CPU
		{E4701F9E-41AB-4044-8166-85D924FEB632}.Release|Any CPU.ActiveCfg = Release|Any CPU
		{E4701F9E-41AB-4044-8166-85D924FEB632}.Release|Any CPU.Build.0 = Release|Any CPU
		{75940ACC-3708-4526-8D91-7E3365BAF682}.Debug|Any CPU.ActiveCfg = Debug|Any CPU
		{75940ACC-3708-4526-8D91-7E3365BAF682}.Debug|Any CPU.Build.0 = Debug|Any CPU
		{75940ACC-3708-4526-8D91-7E3365BAF682}.Release|Any CPU.ActiveCfg = Release|Any CPU
		{75940ACC-3708-4526-8D91-7E3365BAF682}.Release|Any CPU.Build.0 = Release|Any CPU
		{0BC2A611-BD0E-4FCC-A1DE-81F14ED369B2}.Debug|Any CPU.ActiveCfg = Debug|Any CPU
		{0BC2A611-BD0E-4FCC-A1DE-81F14ED369B2}.Debug|Any CPU.Build.0 = Debug|Any CPU
		{0BC2A611-BD0E-4FCC-A1DE-81F14ED369B2}.Release|Any CPU.ActiveCfg = Release|Any CPU
		{0BC2A611-BD0E-4FCC-A1DE-81F14ED369B2}.Release|Any CPU.Build.0 = Release|Any CPU
		{9E79DC8D-25B1-491F-B094-EA39DE1BBC66}.Debug|Any CPU.ActiveCfg = Debug|Any CPU
		{9E79DC8D-25B1-491F-B094-EA39DE1BBC66}.Debug|Any CPU.Build.0 = Debug|Any CPU
		{9E79DC8D-25B1-491F-B094-EA39DE1BBC66}.Release|Any CPU.ActiveCfg = Release|Any CPU
		{9E79DC8D-25B1-491F-B094-EA39DE1BBC66}.Release|Any CPU.Build.0 = Release|Any CPU
		{AD0499ED-50D3-46F4-9FC9-3F71D88C4870}.Debug|Any CPU.ActiveCfg = Debug|Any CPU
		{AD0499ED-50D3-46F4-9FC9-3F71D88C4870}.Debug|Any CPU.Build.0 = Debug|Any CPU
		{AD0499ED-50D3-46F4-9FC9-3F71D88C4870}.Release|Any CPU.ActiveCfg = Release|Any CPU
		{AD0499ED-50D3-46F4-9FC9-3F71D88C4870}.Release|Any CPU.Build.0 = Release|Any CPU
		{53D05530-CF64-4883-8F86-B2B819934F83}.Debug|Any CPU.ActiveCfg = Debug|Any CPU
		{53D05530-CF64-4883-8F86-B2B819934F83}.Debug|Any CPU.Build.0 = Debug|Any CPU
		{53D05530-CF64-4883-8F86-B2B819934F83}.Release|Any CPU.ActiveCfg = Release|Any CPU
		{53D05530-CF64-4883-8F86-B2B819934F83}.Release|Any CPU.Build.0 = Release|Any CPU
		{9ADADC68-36A3-4A21-9B54-298154A88720}.Debug|Any CPU.ActiveCfg = Debug|Any CPU
		{9ADADC68-36A3-4A21-9B54-298154A88720}.Debug|Any CPU.Build.0 = Debug|Any CPU
		{9ADADC68-36A3-4A21-9B54-298154A88720}.Release|Any CPU.ActiveCfg = Release|Any CPU
		{9ADADC68-36A3-4A21-9B54-298154A88720}.Release|Any CPU.Build.0 = Release|Any CPU
	EndGlobalSection
	GlobalSection(SolutionProperties) = preSolution
		HideSolutionNode = FALSE
	EndGlobalSection
	GlobalSection(NestedProjects) = preSolution
		{E4701F9E-41AB-4044-8166-85D924FEB632} = {5086E7C5-90A9-4314-B0CD-0442180D8EBF}
		{75940ACC-3708-4526-8D91-7E3365BAF682} = {5086E7C5-90A9-4314-B0CD-0442180D8EBF}
		{0BC2A611-BD0E-4FCC-A1DE-81F14ED369B2} = {5086E7C5-90A9-4314-B0CD-0442180D8EBF}
		{9E79DC8D-25B1-491F-B094-EA39DE1BBC66} = {7B0EE122-AFFD-4A1F-96DD-96B30E04937C}
		{AD0499ED-50D3-46F4-9FC9-3F71D88C4870} = {7B0EE122-AFFD-4A1F-96DD-96B30E04937C}
		{9ADADC68-36A3-4A21-9B54-298154A88720} = {7B0EE122-AFFD-4A1F-96DD-96B30E04937C}
	EndGlobalSection
EndGlobal
